tabs:
  main:
    sections:
      -
        fields:
          -
            field:
              type: text
              required: true
            handle: title
          -
            field:
              type: markdown
              localizable: true
            handle: content
  sidebar:
    sections:
      -
        fields:
          -
            field:
              type: slug
              validate: 'max:200'
              localizable: true
            handle: slug
title: Block
